
Microsoft Visual Studio Solution File, Format Version 12.00
# Visual Studio Version 17
VisualStudioVersion = 17.5.33424.131
MinimumVisualStudioVersion = 10.0.40219.1
Project("{FAE04EC0-301F-11D3-BF4B-00C04F79EFBC}") = "ESPN WEB SCRAPER (GOLF)", "ESPN WEB SCRAPER (GOLF).csproj", "{8C80E723-BF4D-4C3A-8F25-2928C04A21EA}"
EndProject
Global
	GlobalSection(SolutionConfigurationPlatforms) = preSolution
		Debug|Any CPU = Debug|Any CPU
		Release|Any CPU = Release|Any CPU
	EndGlobalSection
	GlobalSection(ProjectConfigurationPlatforms) = postSolution
		{8C80E723-BF4D-4C3A-8F25-2928C04A21EA}.Debug|Any CPU.ActiveCfg = Debug|Any CPU
		{8C80E723-BF4D-4C3A-8F25-2928C04A21EA}.Debug|Any CPU.Build.0 = Debug|Any CPU
		{8C80E723-BF4D-4C3A-8F25-2928C04A21EA}.Release|Any CPU.ActiveCfg = Release|Any CPU
		{8C80E723-BF4D-4C3A-8F25-2928C04A21EA}.Release|Any CPU.Build.0 = Release|Any CPU
	EndGlobalSection
	GlobalSection(SolutionProperties) = preSolution
		HideSolutionNode = FALSE
	EndGlobalSection
	GlobalSection(ExtensibilityGlobals) = postSolution
		SolutionGuid = {DFE27CB7-E2B7-451B-82E8-CB07261F8B3C}
	EndGlobalSection
EndGlobal
